
Microsoft Visual Studio Solution File, Format Version 12.00
# Visual Studio Version 16
VisualStudioVersion = 16.0.30320.27
MinimumVisualStudioVersion = 10.0.40219.1
Project("{FAE04EC0-301F-11D3-BF4B-00C04F79EFBC}") = "POS", "POS.csproj", "{EC3D4375-A77F-4387-9D94-C06832B312E5}"
EndProject
Global
	GlobalSection(SolutionConfigurationPlatforms) = preSolution
		Debug|Any CPU = Debug|Any CPU
		Release|Any CPU = Release|Any CPU
	EndGlobalSection
	GlobalSection(ProjectConfigurationPlatforms) = postSolution
		{EC3D4375-A77F-4387-9D94-C06832B312E5}.Debug|Any CPU.ActiveCfg = Debug|Any CPU
		{EC3D4375-A77F-4387-9D94-C06832B312E5}.Debug|Any CPU.Build.0 = Debug|Any CPU
		{EC3D4375-A77F-4387-9D94-C06832B312E5}.Release|Any CPU.ActiveCfg = Release|Any CPU
		{EC3D4375-A77F-4387-9D94-C06832B312E5}.Release|Any CPU.Build.0 = Release|Any CPU
	EndGlobalSection
	GlobalSection(SolutionProperties) = preSolution
		HideSolutionNode = FALSE
	EndGlobalSection
	GlobalSection(ExtensibilityGlobals) = postSolution
		SolutionGuid = {04A6D271-032B-4015-8A00-981D5CA30A07}
	EndGlobalSection
EndGlobal
